
Microsoft Visual Studio Solution File, Format Version 12.00
# Visual Studio Version 17
VisualStudioVersion = 17.0.32112.339
MinimumVisualStudioVersion = 10.0.40219.1
Project("{2150E333-8FDC-42A3-9474-1A3956D46DE8}") = "Front", "Front", "{5090BE20-2A64-4DDD-A88B-8E4F7EABAFDF}"
EndProject
Project("{9A19103F-16F7-4668-BE54-9A1E7A4F7556}") = "PackageDelivery.Web", "packagedelivery-web\PackageDelivery.Web.csproj", "{703CF2A5-FF29-43AA-830A-1B68A0A18989}"
EndProject
Global
	GlobalSection(SolutionConfigurationPlatforms) = preSolution
		Debug|Any CPU = Debug|Any CPU
		Release|Any CPU = Release|Any CPU
	EndGlobalSection
	GlobalSection(ProjectConfigurationPlatforms) = postSolution
		{703CF2A5-FF29-43AA-830A-1B68A0A18989}.Debug|Any CPU.ActiveCfg = Debug|Any CPU
		{703CF2A5-FF29-43AA-830A-1B68A0A18989}.Debug|Any CPU.Build.0 = Debug|Any CPU
		{703CF2A5-FF29-43AA-830A-1B68A0A18989}.Release|Any CPU.ActiveCfg = Release|Any CPU
		{703CF2A5-FF29-43AA-830A-1B68A0A18989}.Release|Any CPU.Build.0 = Release|Any CPU
	EndGlobalSection
	GlobalSection(SolutionProperties) = preSolution
		HideSolutionNode = FALSE
	EndGlobalSection
	GlobalSection(NestedProjects) = preSolution
		{703CF2A5-FF29-43AA-830A-1B68A0A18989} = {5090BE20-2A64-4DDD-A88B-8E4F7EABAFDF}
	EndGlobalSection
	GlobalSection(ExtensibilityGlobals) = postSolution
		SolutionGuid = {EF8AC20E-7FE1-405F-9ED8-B9424FC451EE}
	EndGlobalSection
EndGlobal
